
Microsoft Visual Studio Solution File, Format Version 12.00
# Visual Studio Version 16
VisualStudioVersion = 16.0.29306.81
MinimumVisualStudioVersion = 10.0.40219.1
Project("{FAE04EC0-301F-11D3-BF4B-00C04F79EFBC}") = "PowerBIDataExportSample", "PowerBIDataExportSample\PowerBIDataExportSample.csproj", "{2FB14125-2EE2-4B45-B673-7E726A058108}"
EndProject
Global
	GlobalSection(SolutionConfigurationPlatforms) = preSolution
		Debug|Any CPU = Debug|Any CPU
		Release|Any CPU = Release|Any CPU
	EndGlobalSection
	GlobalSection(ProjectConfigurationPlatforms) = postSolution
		{2FB14125-2EE2-4B45-B673-7E726A058108}.Debug|Any CPU.ActiveCfg = Debug|Any CPU
		{2FB14125-2EE2-4B45-B673-7E726A058108}.Debug|Any CPU.Build.0 = Debug|Any CPU
		{2FB14125-2EE2-4B45-B673-7E726A058108}.Release|Any CPU.ActiveCfg = Release|Any CPU
		{2FB14125-2EE2-4B45-B673-7E726A058108}.Release|Any CPU.Build.0 = Release|Any CPU
	EndGlobalSection
	GlobalSection(SolutionProperties) = preSolution
		HideSolutionNode = FALSE
	EndGlobalSection
	GlobalSection(ExtensibilityGlobals) = postSolution
		SolutionGuid = {6952032A-86D6-4097-A684-7AAEC0BBBE78}
	EndGlobalSection
	GlobalSection(TeamFoundationVersionControl) = preSolution
		SccNumberOfProjects = 2
		SccEnterpriseProvider = {4CA58AB2-18FA-4F8D-95D4-32DDF27D184C}
		SccTeamFoundationServer = https://jpries.visualstudio.com/
		SccLocalPath0 = .
		SccProjectUniqueName1 = PowerBIDataExportSample\\PowerBIDataExportSample.csproj
		SccProjectName1 = PowerBIDataExportSample
		SccLocalPath1 = PowerBIDataExportSample
	EndGlobalSection
EndGlobal
