
Microsoft Visual Studio Solution File, Format Version 12.00
# Visual Studio Version 16
VisualStudioVersion = 16.0.29215.179
MinimumVisualStudioVersion = 10.0.40219.1
Project("{FAE04EC0-301F-11D3-BF4B-00C04F79EFBC}") = "PowerBIServiceGatewayAgentExportSampleMSAL", "PowerBIServiceGatewayAgentExportSampleMSAL\PowerBIServiceGatewayAgentExportSampleMSAL.csproj", "{AF50040C-F408-4CBB-9DED-74D3056D1474}"
EndProject
Global
	GlobalSection(SolutionConfigurationPlatforms) = preSolution
		Debug|Any CPU = Debug|Any CPU
		Release|Any CPU = Release|Any CPU
	EndGlobalSection
	GlobalSection(ProjectConfigurationPlatforms) = postSolution
		{AF50040C-F408-4CBB-9DED-74D3056D1474}.Debug|Any CPU.ActiveCfg = Debug|Any CPU
		{AF50040C-F408-4CBB-9DED-74D3056D1474}.Debug|Any CPU.Build.0 = Debug|Any CPU
		{AF50040C-F408-4CBB-9DED-74D3056D1474}.Release|Any CPU.ActiveCfg = Release|Any CPU
		{AF50040C-F408-4CBB-9DED-74D3056D1474}.Release|Any CPU.Build.0 = Release|Any CPU
	EndGlobalSection
	GlobalSection(SolutionProperties) = preSolution
		HideSolutionNode = FALSE
	EndGlobalSection
	GlobalSection(ExtensibilityGlobals) = postSolution
		SolutionGuid = {B0DC104D-DCB3-4524-BA38-C8E374C452EA}
	EndGlobalSection
	GlobalSection(TeamFoundationVersionControl) = preSolution
		SccNumberOfProjects = 2
		SccEnterpriseProvider = {4CA58AB2-18FA-4F8D-95D4-32DDF27D184C}
		SccTeamFoundationServer = 
		SccLocalPath0 = .
		SccProjectUniqueName1 = PowerBIServiceGatewayAgentExportSampleMSAL\\PowerBIServiceGatewayAgentExportSampleMSAL.csproj
		SccProjectName1 = PowerBIServiceGatewayAgentExportSampleMSAL
		SccLocalPath1 = PowerBIServiceGatewayAgentExportSampleMSAL
	EndGlobalSection
EndGlobal
