
Microsoft Visual Studio Solution File, Format Version 12.00
# Visual Studio Version 16
VisualStudioVersion = 16.0.29306.81
MinimumVisualStudioVersion = 10.0.40219.1
Project("{FAE04EC0-301F-11D3-BF4B-00C04F79EFBC}") = "PowerBIServiceGatewayExport", "PowerBIServiceGatewayExport\PowerBIServiceGatewayExport.csproj", "{67407416-15FB-4059-BCD9-E6F515C9A1DE}"
EndProject
Global
	GlobalSection(SolutionConfigurationPlatforms) = preSolution
		Debug|Any CPU = Debug|Any CPU
		Release|Any CPU = Release|Any CPU
	EndGlobalSection
	GlobalSection(ProjectConfigurationPlatforms) = postSolution
		{67407416-15FB-4059-BCD9-E6F515C9A1DE}.Debug|Any CPU.ActiveCfg = Debug|Any CPU
		{67407416-15FB-4059-BCD9-E6F515C9A1DE}.Debug|Any CPU.Build.0 = Debug|Any CPU
		{67407416-15FB-4059-BCD9-E6F515C9A1DE}.Release|Any CPU.ActiveCfg = Release|Any CPU
		{67407416-15FB-4059-BCD9-E6F515C9A1DE}.Release|Any CPU.Build.0 = Release|Any CPU
	EndGlobalSection
	GlobalSection(SolutionProperties) = preSolution
		HideSolutionNode = FALSE
	EndGlobalSection
	GlobalSection(ExtensibilityGlobals) = postSolution
		SolutionGuid = {7785BA6E-D362-4582-80F2-B7FE9573A54F}
	EndGlobalSection
	GlobalSection(TeamFoundationVersionControl) = preSolution
		SccNumberOfProjects = 2
		SccEnterpriseProvider = {4CA58AB2-18FA-4F8D-95D4-32DDF27D184C}
		SccTeamFoundationServer = https://jpries.visualstudio.com/
		SccLocalPath0 = .
		SccProjectUniqueName1 = PowerBIServiceGatewayExport\\PowerBIServiceGatewayExport.csproj
		SccProjectName1 = PowerBIServiceGatewayExport
		SccLocalPath1 = PowerBIServiceGatewayExport
	EndGlobalSection
EndGlobal
